<?xml version="1.0" encoding="UTF-8"?>
<Scheme LastUpgradeVersion="1600" version="1.7">
   <BuildAction parallelizeBuildables="NO" buildImplicitDependencies="YES">
      <PostActions>
         <ExecutionAction ActionType="Xcode.IDEStandardExecutionActionsCore.ExecutionActionType.ShellScriptAction">
            <ActionContent title="Install Runner App Icon" scriptText="/bin/sh &quot;${PROJECT_DIR}/install-app-icon.sh&quot;&#10;">
               <EnvironmentBuildable>
                  <BuildableReference BuildableIdentifier="primary" BlueprintIdentifier="A00000000000000000000006" BuildableName="AgentSomaTests.xctest" BlueprintName="AgentSomaTests" ReferencedContainer="container:AgentSomaRunner.xcodeproj"/>
               </EnvironmentBuildable>
            </ActionContent>
         </ExecutionAction>
      </PostActions>
      <BuildActionEntries>
         <BuildActionEntry buildForTesting="YES" buildForRunning="NO" buildForProfiling="NO" buildForArchiving="NO" buildForAnalyzing="YES">
            <BuildableReference BuildableIdentifier="primary" BlueprintIdentifier="A00000000000000000000006" BuildableName="AgentSomaTests.xctest" BlueprintName="AgentSomaTests" ReferencedContainer="container:AgentSomaRunner.xcodeproj"/>
         </BuildActionEntry>
      </BuildActionEntries>
   </BuildAction>
   <TestAction buildConfiguration="Debug" selectedDebuggerIdentifier="Xcode.DebuggerFoundation.Debugger.LLDB" selectedLauncherIdentifier="Xcode.IDEFoundation.Launcher.PosixSpawn" shouldUseLaunchSchemeArgsEnv="YES" testTimeoutsEnabled="NO">
      <Testables>
         <TestableReference skipped="NO" parallelizable="NO">
            <BuildableReference BuildableIdentifier="primary" BlueprintIdentifier="A00000000000000000000006" BuildableName="AgentSomaTests.xctest" BlueprintName="AgentSomaTests" ReferencedContainer="container:AgentSomaRunner.xcodeproj"/>
         </TestableReference>
      </Testables>
   </TestAction>
   <AnalyzeAction buildConfiguration="Debug"/>
</Scheme>
